// !$*UTF8*$!
{
	archiveVersion = 1;
	classes = {
	};
	objectVersion = 50;
	objects = {

/* Begin PBXBuildFile section */
		9B7CEBCF26DA256D00C531A7 /* AppDelegate.swift in Sources */ = {isa = PBXBuildFile; fileRef = 9B7CEBCE26DA256D00C531A7 /* AppDelegate.swift */; };
		9B7CEBD126DA256D00C531A7 /* SceneDelegate.swift in Sources */ = {isa = PBXBuildFile; fileRef = 9B7CEBD026DA256D00C531A7 /* SceneDelegate.swift */; };
		9B7CEBD326DA256D00C531A7 /* ViewController.swift in Sources */ = {isa = PBXBuildFile; fileRef = 9B7CEBD226DA256D00C531A7 /* ViewController.swift */; };
		9B7CEBD626DA256D00C531A7 /* Main.storyboard in Resources */ = {isa = PBXBuildFile; fileRef = 9B7CEBD426DA256D00C531A7 /* Main.storyboard */; };
		9B7CEBD826DA256E00C531A7 /* Assets.xcassets in Resources */ = {isa = PBXBuildFile; fileRef = 9B7CEBD726DA256E00C531A7 /* Assets.xcassets */; };
		9B7CEBDB26DA256E00C531A7 /* LaunchScreen.storyboard in Resources */ = {isa = PBXBuildFile; fileRef = 9B7CEBD926DA256E00C531A7 /* LaunchScreen.storyboard */; };
/* End PBXBuildFile section */

/* Begin PBXFileReference section */
		9B7CEBCB26DA256C00C531A7 /* Zuri iOS.app */ = {isa = PBXFileReference; explicitFileType = wrapper.application; includeInIndex = 0; path = "Zuri iOS.app"; sourceTree = BUILT_PRODUCTS_DIR; };
		9B7CEBCE26DA256D00C531A7 /* AppDelegate.swift */ = {isa = PBXFileReference; lastKnownFileType = sourcecode.swift; path = AppDelegate.swift; sourceTree = "<group>"; };
		9B7CEBD026DA256D00C531A7 /* SceneDelegate.swift */ = {isa = PBXFileReference; lastKnownFileType = sourcecode.swift; path = SceneDelegate.swift; sourceTree = "<group>"; };
		9B7CEBD226DA256D00C531A7 /* ViewController.swift */ = {isa = PBXFileReference; lastKnownFileType = sourcecode.swift; path = ViewController.swift; sourceTree = "<group>"; };
		9B7CEBD526DA256D00C531A7 /* Base */ = {isa = PBXFileReference; lastKnownFileType = file.storyboard; name = Base; path = Base.lproj/Main.storyboard; sourceTree = "<group>"; };
		9B7CEBD726DA256E00C531A7 /* Assets.xcassets */ = {isa = PBXFileReference; lastKnownFileType = folder.assetcatalog; path = Assets.xcassets; sourceTree = "<group>"; };
		9B7CEBDA26DA256E00C531A7 /* Base */ = {isa = PBXFileReference; lastKnownFileType = file.storyboard; name = Base; path = Base.lproj/LaunchScreen.storyboard; sourceTree = "<group>"; };
		9B7CEBDC26DA256E00C531A7 /* Info.plist */ = {isa = PBXFileReference; lastKnownFileType = text.plist.xml; path = Info.plist; sourceTree = "<group>"; };
/* End PBXFileReference section */

/* Begin PBXFrameworksBuildPhase section */
		9B7CEBC826DA256C00C531A7 /* Frameworks */ = {
			isa = PBXFrameworksBuildPhase;
			buildActionMask = 2147483647;
			files = (
			);
			runOnlyForDeploymentPostprocessing = 0;
		};
/* End PBXFrameworksBuildPhase section */

/* Begin PBXGroup section */
		9B7CEBC226DA256C00C531A7 = {
			isa = PBXGroup;
			children = (
				9B7CEBCD26DA256C00C531A7 /* Zuri iOS */,
				9B7CEBCC26DA256C00C531A7 /* Products */,
			);
			sourceTree = "<group>";
		};
		9B7CEBCC26DA256C00C531A7 /* Products */ = {
			isa = PBXGroup;
			children = (
				9B7CEBCB26DA256C00C531A7 /* Zuri iOS.app */,
			);
			name = Products;
			sourceTree = "<group>";
		};
		9B7CEBCD26DA256C00C531A7 /* Zuri iOS */ = {
			isa = PBXGroup;
			children = (
				9B7CEBCE26DA256D00C531A7 /* AppDelegate.swift */,
				9B7CEBD026DA256D00C531A7 /* SceneDelegate.swift */,
				9B7CEBD226DA256D00C531A7 /* ViewController.swift */,
				9B7CEBD426DA256D00C531A7 /* Main.storyboard */,
				9B7CEBD726DA256E00C531A7 /* Assets.xcassets */,
				9B7CEBD926DA256E00C531A7 /* LaunchScreen.storyboard */,
				9B7CEBDC26DA256E00C531A7 /* Info.plist */,
			);
			path = "Zuri iOS";
			sourceTree = "<group>";
		};
/* End PBXGroup section */

/* Begin PBXNativeTarget section */
		9B7CEBCA26DA256C00C531A7 /* Zuri iOS */ = {
			isa = PBXNativeTarget;
			buildConfigurationList = 9B7CEBDF26DA256E00C531A7 /* Build configuration list for PBXNativeTarget "Zuri iOS" */;
			buildPhases = (
				9B7CEBC726DA256C00C531A7 /* Sources */,
				9B7CEBC826DA256C00C531A7 /* Frameworks */,
				9B7CEBC926DA256C00C531A7 /* Resources */,
			);
			buildRules = (
			);
			dependencies = (
			);
			name = "Zuri iOS";
			productName = "Zuri iOS";
			productReference = 9B7CEBCB26DA256C00C531A7 /* Zuri iOS.app */;
			productType = "com.apple.product-type.application";
		};
/* End PBXNativeTarget section */

/* Begin PBXProject section */
		9B7CEBC326DA256C00C531A7 /* Project object */ = {
			isa = PBXProject;
			attributes = {
				LastSwiftUpdateCheck = 1250;
				LastUpgradeCheck = 1250;
				TargetAttributes = {
					9B7CEBCA26DA256C00C531A7 = {
						CreatedOnToolsVersion = 12.5;
					};
				};
			};
			buildConfigurationList = 9B7CEBC626DA256C00C531A7 /* Build configuration list for PBXProject "Zuri iOS" */;
			compatibilityVersion = "Xcode 9.3";
			developmentRegion = en;
			hasScannedForEncodings = 0;
			knownRegions = (
				en,
				Base,
			);
			mainGroup = 9B7CEBC226DA256C00C531A7;
			productRefGroup = 9B7CEBCC26DA256C00C531A7 /* Products */;
			projectDirPath = "";
			projectRoot = "";
			targets = (
				9B7CEBCA26DA256C00C531A7 /* Zuri iOS */,
			);
		};
/* End PBXProject section */

/* Begin PBXResourcesBuildPhase section */
		9B7CEBC926DA256C00C531A7 /* Resources */ = {
			isa = PBXResourcesBuildPhase;
			buildActionMask = 2147483647;
			files = (
				9B7CEBDB26DA256E00C531A7 /* LaunchScreen.storyboard in Resources */,
				9B7CEBD826DA256E00C531A7 /* Assets.xcassets in Resources */,
				9B7CEBD626DA256D00C531A7 /* Main.storyboard in Resources */,
			);
			runOnlyForDeploymentPostprocessing = 0;
		};
/* End PBXResourcesBuildPhase section */

/* Begin PBXSourcesBuildPhase section */
		9B7CEBC726DA256C00C531A7 /* Sources */ = {
			isa = PBXSourcesBuildPhase;
			buildActionMask = 2147483647;
			files = (
				9B7CEBD326DA256D00C531A7 /* ViewController.swift in Sources */,
				9B7CEBCF26DA256D00C531A7 /* AppDelegate.swift in Sources */,
				9B7CEBD126DA256D00C531A7 /* SceneDelegate.swift in Sources */,
			);
			runOnlyForDeploymentPostprocessing = 0;
		};
/* End PBXSourcesBuildPhase section */

/* Begin PBXVariantGroup section */
		9B7CEBD426DA256D00C531A7 /* Main.storyboard */ = {
			isa = PBXVariantGroup;
			children = (
				9B7CEBD526DA256D00C531A7 /* Base */,
			);
			name = Main.storyboard;
			sourceTree = "<group>";
		};
		9B7CEBD926DA256E00C531A7 /* LaunchScreen.storyboard */ = {
			isa = PBXVariantGroup;
			children = (
				9B7CEBDA26DA256E00C531A7 /* Base */,
			);
			name = LaunchScreen.storyboard;
			sourceTree = "<group>";
		};
/* End PBXVariantGroup section */

/* Begin XCBuildConfiguration section */
		9B7CEBDD26DA256E00C531A7 /* Debug */ = {
			isa = XCBuildConfiguration;
			buildSettings = {
				ALWAYS_SEARCH_USER_PATHS = NO;
				CLANG_ANALYZER_NONNULL = YES;
				CLANG_ANALYZER_NUMBER_OBJECT_CONVERSION = YES_AGGRESSIVE;
				CLANG_CXX_LANGUAGE_STANDARD = "gnu++14";
				CLANG_CXX_LIBRARY = "libc++";
				CLANG_ENABLE_MODULES = YES;
				CLANG_ENABLE_OBJC_ARC = YES;
				CLANG_ENABLE_OBJC_WEAK = YES;
				CLANG_WARN_BLOCK_CAPTURE_AUTORELEASING = YES;
				CLANG_WARN_BOOL_CONVERSION = YES;
				CLANG_WARN_COMMA = YES;
				CLANG_WARN_CONSTANT_CONVERSION = YES;
				CLANG_WARN_DEPRECATED_OBJC_IMPLEMENTATIONS = YES;
				CLANG_WARN_DIRECT_OBJC_ISA_USAGE = YES_ERROR;
				CLANG_WARN_DOCUMENTATION_COMMENTS = YES;
				CLANG_WARN_EMPTY_BODY = YES;
				CLANG_WARN_ENUM_CONVERSION = YES;
				CLANG_WARN_INFINITE_RECURSION = YES;
				CLANG_WARN_INT_CONVERSION = YES;
				CLANG_WARN_NON_LITERAL_NULL_CONVERSION = YES;
				CLANG_WARN_OBJC_IMPLICIT_RETAIN_SELF = YES;
				CLANG_WARN_OBJC_LITERAL_CONVERSION = YES;
				CLANG_WARN_OBJC_ROOT_CLASS = YES_ERROR;
				CLANG_WARN_QUOTED_INCLUDE_IN_FRAMEWORK_HEADER = YES;
				CLANG_WARN_RANGE_LOOP_ANALYSIS = YES;
				CLANG_WARN_STRICT_PROTOTYPES = YES;
				CLANG_WARN_SUSPICIOUS_MOVE = YES;
				CLANG_WARN_UNGUARDED_AVAILABILITY = YES_AGGRESSIVE;
				CLANG_WARN_UNREACHABLE_CODE = YES;
				CLANG_WARN__DUPLICATE_METHOD_MATCH = YES;
				COPY_PHASE_STRIP = NO;
				DEBUG_INFORMATION_FORMAT = dwarf;
				ENABLE_STRICT_OBJC_MSGSEND = YES;
				ENABLE_TESTABILITY = YES;
				GCC_C_LANGUAGE_STANDARD = gnu11;
				GCC_DYNAMIC_NO_PIC = NO;
				GCC_NO_COMMON_BLOCKS = YES;
				GCC_OPTIMIZATION_LEVEL = 0;
				GCC_PREPROCESSOR_DEFINITIONS = (
					"DEBUG=1",
					"$(inherited)",
				);
				GCC_WARN_64_TO_32_BIT_CONVERSION = YES;
				GCC_WARN_ABOUT_RETURN_TYPE = YES_ERROR;
				GCC_WARN_UNDECLARED_SELECTOR = YES;
				GCC_WARN_UNINITIALIZED_AUTOS = YES_AGGRESSIVE;
				GCC_WARN_UNUSED_FUNCTION = YES;
				GCC_WARN_UNUSED_VARIABLE = YES;
				IPHONEOS_DEPLOYMENT_TARGET = 14.5;
				MTL_ENABLE_DEBUG_INFO = INCLUDE_SOURCE;
				MTL_FAST_MATH = YES;
				ONLY_ACTIVE_ARCH = YES;
				SDKROOT = iphoneos;
				SWIFT_ACTIVE_COMPILATION_CONDITIONS = DEBUG;
				SWIFT_OPTIMIZATION_LEVEL = "-Onone";
			};
			name = Debug;
		};
		9B7CEBDE26DA256E00C531A7 /* Release */ = {
			isa = XCBuildConfiguration;
			buildSettings = {
				ALWAYS_SEARCH_USER_PATHS = NO;
				CLANG_ANALYZER_NONNULL = YES;
				CLANG_ANALYZER_NUMBER_OBJECT_CONVERSION = YES_AGGRESSIVE;
				CLANG_CXX_LANGUAGE_STANDARD = "gnu++14";
				CLANG_CXX_LIBRARY = "libc++";
				CLANG_ENABLE_MODULES = YES;
				CLANG_ENABLE_OBJC_ARC = YES;
				CLANG_ENABLE_OBJC_WEAK = YES;
				CLANG_WARN_BLOCK_CAPTURE_AUTORELEASING = YES;
				CLANG_WARN_BOOL_CONVERSION = YES;
				CLANG_WARN_COMMA = YES;
				CLANG_WARN_CONSTANT_CONVERSION = YES;
				CLANG_WARN_DEPRECATED_OBJC_IMPLEMENTATIONS = YES;
				CLANG_WARN_DIRECT_OBJC_ISA_USAGE = YES_ERROR;
				CLANG_WARN_DOCUMENTATION_COMMENTS = YES;
				CLANG_WARN_EMPTY_BODY = YES;
				CLANG_WARN_ENUM_CONVERSION = YES;
				CLANG_WARN_INFINITE_RECURSION = YES;
				CLANG_WARN_INT_CONVERSION = YES;
				CLANG_WARN_NON_LITERAL_NULL_CONVERSION = YES;
				CLANG_WARN_OBJC_IMPLICIT_RETAIN_SELF = YES;
				CLANG_WARN_OBJC_LITERAL_CONVERSION = YES;
				CLANG_WARN_OBJC_ROOT_CLASS = YES_ERROR;
				CLANG_WARN_QUOTED_INCLUDE_IN_FRAMEWORK_HEADER = YES;
				CLANG_WARN_RANGE_LOOP_ANALYSIS = YES;
				CLANG_WARN_STRICT_PROTOTYPES = YES;
				CLANG_WARN_SUSPICIOUS_MOVE = YES;
				CLANG_WARN_UNGUARDED_AVAILABILITY = YES_AGGRESSIVE;
				CLANG_WARN_UNREACHABLE_CODE = YES;
				CLANG_WARN__DUPLICATE_METHOD_MATCH = YES;
				COPY_PHASE_STRIP = NO;
				DEBUG_INFORMATION_FORMAT = "dwarf-with-dsym";
				ENABLE_NS_ASSERTIONS = NO;
				ENABLE_STRICT_OBJC_MSGSEND = YES;
				GCC_C_LANGUAGE_STANDARD = gnu11;
				GCC_NO_COMMON_BLOCKS = YES;
				GCC_WARN_64_TO_32_BIT_CONVERSION = YES;
				GCC_WARN_ABOUT_RETURN_TYPE = YES_ERROR;
				GCC_WARN_UNDECLARED_SELECTOR = YES;
				GCC_WARN_UNINITIALIZED_AUTOS = YES_AGGRESSIVE;
				GCC_WARN_UNUSED_FUNCTION = YES;
				GCC_WARN_UNUSED_VARIABLE = YES;
				IPHONEOS_DEPLOYMENT_TARGET = 14.5;
				MTL_ENABLE_DEBUG_INFO = NO;
				MTL_FAST_MATH = YES;
				SDKROOT = iphoneos;
				SWIFT_COMPILATION_MODE = wholemodule;
				SWIFT_OPTIMIZATION_LEVEL = "-O";
				VALIDATE_PRODUCT = YES;
			};
			name = Release;
		};
		9B7CEBE026DA256E00C531A7 /* Debug */ = {
			isa = XCBuildConfiguration;
			buildSettings = {
				ASSETCATALOG_COMPILER_APPICON_NAME = AppIcon;
				ASSETCATALOG_COMPILER_GLOBAL_ACCENT_COLOR_NAME = AccentColor;
				CODE_SIGN_STYLE = Automatic;
				DEVELOPMENT_TEAM = 5SL3U485BH;
				INFOPLIST_FILE = "Zuri iOS/Info.plist";
				LD_RUNPATH_SEARCH_PATHS = (
					"$(inherited)",
					"@executable_path/Frameworks",
				);
				PRODUCT_BUNDLE_IDENTIFIER = "com.jamaaldeenopasina.Zuri-iOS";
				PRODUCT_NAME = "$(TARGET_NAME)";
				SWIFT_VERSION = 5.0;
				TARGETED_DEVICE_FAMILY = "1,2";
			};
			name = Debug;
		};
		9B7CEBE126DA256E00C531A7 /* Release */ = {
			isa = XCBuildConfiguration;
			buildSettings = {
				ASSETCATALOG_COMPILER_APPICON_NAME = AppIcon;
				ASSETCATALOG_COMPILER_GLOBAL_ACCENT_COLOR_NAME = AccentColor;
				CODE_SIGN_STYLE = Automatic;
				DEVELOPMENT_TEAM = 5SL3U485BH;
				INFOPLIST_FILE = "Zuri iOS/Info.plist";
				LD_RUNPATH_SEARCH_PATHS = (
					"$(inherited)",
					"@executable_path/Frameworks",
				);
				PRODUCT_BUNDLE_IDENTIFIER = "com.jamaaldeenopasina.Zuri-iOS";
				PRODUCT_NAME = "$(TARGET_NAME)";
				SWIFT_VERSION = 5.0;
				TARGETED_DEVICE_FAMILY = "1,2";
			};
			name = Release;
		};
/* End XCBuildConfiguration section */

/* Begin XCConfigurationList section */
		9B7CEBC626DA256C00C531A7 /* Build configuration list for PBXProject "Zuri iOS" */ = {
			isa = XCConfigurationList;
			buildConfigurations = (
				9B7CEBDD26DA256E00C531A7 /* Debug */,
				9B7CEBDE26DA256E00C531A7 /* Release */,
			);
			defaultConfigurationIsVisible = 0;
			defaultConfigurationName = Release;
		};
		9B7CEBDF26DA256E00C531A7 /* Build configuration list for PBXNativeTarget "Zuri iOS" */ = {
			isa = XCConfigurationList;
			buildConfigurations = (
				9B7CEBE026DA256E00C531A7 /* Debug */,
				9B7CEBE126DA256E00C531A7 /* Release */,
			);
			defaultConfigurationIsVisible = 0;
			defaultConfigurationName = Release;
		};
/* End XCConfigurationList section */
	};
	rootObject = 9B7CEBC326DA256C00C531A7 /* Project object */;
}
